
Microsoft Visual Studio Solution File, Format Version 12.00
# Visual Studio 14
VisualStudioVersion = 14.0.25123.0
MinimumVisualStudioVersion = 10.0.40219.1
Project("{2150E333-8FDC-42A3-9474-1A3956D46DE8}") = "src", "src", "{992E2DA9-0A5A-4F4B-8ED6-F5C19B36D289}"
EndProject
Project("{FAE04EC0-301F-11D3-BF4B-00C04F79EFBC}") = "MusicVisualizer", "src\MusicVisualizer\MusicVisualizer.csproj", "{D2456950-6C0F-4620-9C8D-8E041F2D6F6B}"
EndProject
Global
	GlobalSection(SolutionConfigurationPlatforms) = preSolution
		Debug|x86 = Debug|x86
		Release|x86 = Release|x86
	EndGlobalSection
	GlobalSection(ProjectConfigurationPlatforms) = postSolution
		{D2456950-6C0F-4620-9C8D-8E041F2D6F6B}.Debug|x86.ActiveCfg = Debug|x86
		{D2456950-6C0F-4620-9C8D-8E041F2D6F6B}.Debug|x86.Build.0 = Debug|x86
		{D2456950-6C0F-4620-9C8D-8E041F2D6F6B}.Release|x86.ActiveCfg = Release|x86
		{D2456950-6C0F-4620-9C8D-8E041F2D6F6B}.Release|x86.Build.0 = Release|x86
	EndGlobalSection
	GlobalSection(SolutionProperties) = preSolution
		HideSolutionNode = FALSE
	EndGlobalSection
	GlobalSection(NestedProjects) = preSolution
		{D2456950-6C0F-4620-9C8D-8E041F2D6F6B} = {992E2DA9-0A5A-4F4B-8ED6-F5C19B36D289}
	EndGlobalSection
EndGlobal
